
Microsoft Visual Studio Solution File, Format Version 12.00
# Visual Studio Version 17
VisualStudioVersion = 17.9.34701.34
MinimumVisualStudioVersion = 10.0.40219.1
Project("{FAE04EC0-301F-11D3-BF4B-00C04F79EFBC}") = "web_app", "web_app\web_app.csproj", "{9C504368-00C2-491C-8318-3716F0C8B21D}"
EndProject
Global
	GlobalSection(SolutionConfigurationPlatforms) = preSolution
		Debug|Any CPU = Debug|Any CPU
		Release|Any CPU = Release|Any CPU
	EndGlobalSection
	GlobalSection(ProjectConfigurationPlatforms) = postSolution
		{9C504368-00C2-491C-8318-3716F0C8B21D}.Debug|Any CPU.ActiveCfg = Debug|Any CPU
		{9C504368-00C2-491C-8318-3716F0C8B21D}.Debug|Any CPU.Build.0 = Debug|Any CPU
		{9C504368-00C2-491C-8318-3716F0C8B21D}.Release|Any CPU.ActiveCfg = Release|Any CPU
		{9C504368-00C2-491C-8318-3716F0C8B21D}.Release|Any CPU.Build.0 = Release|Any CPU
	EndGlobalSection
	GlobalSection(SolutionProperties) = preSolution
		HideSolutionNode = FALSE
	EndGlobalSection
	GlobalSection(ExtensibilityGlobals) = postSolution
		SolutionGuid = {159B57EE-26EF-4491-A558-CE2F61840789}
	EndGlobalSection
EndGlobal
